
Microsoft Visual Studio Solution File, Format Version 12.00
# Visual Studio 15
VisualStudioVersion = 15.0.26228.4
MinimumVisualStudioVersion = 10.0.40219.1
Project("{F184B08F-C81C-45F6-A57F-5ABD9991F28F}") = "CreateBlob", "CreateBlob.vbproj", "{9C362387-8DFB-41BE-B9BA-04281B47D6C2}"
EndProject
Global
	GlobalSection(SolutionConfigurationPlatforms) = preSolution
		Debug|Any CPU = Debug|Any CPU
		Debug|x64 = Debug|x64
		Release|Any CPU = Release|Any CPU
		Release|x64 = Release|x64
	EndGlobalSection
	GlobalSection(ProjectConfigurationPlatforms) = postSolution
		{9C362387-8DFB-41BE-B9BA-04281B47D6C2}.Debug|Any CPU.ActiveCfg = Debug|x64
		{9C362387-8DFB-41BE-B9BA-04281B47D6C2}.Debug|x64.ActiveCfg = Debug|x64
		{9C362387-8DFB-41BE-B9BA-04281B47D6C2}.Debug|x64.Build.0 = Debug|x64
		{9C362387-8DFB-41BE-B9BA-04281B47D6C2}.Release|Any CPU.ActiveCfg = Release|x64
		{9C362387-8DFB-41BE-B9BA-04281B47D6C2}.Release|x64.ActiveCfg = Release|x64
		{9C362387-8DFB-41BE-B9BA-04281B47D6C2}.Release|x64.Build.0 = Release|x64
	EndGlobalSection
	GlobalSection(SolutionProperties) = preSolution
		HideSolutionNode = FALSE
	EndGlobalSection
EndGlobal
