
Microsoft Visual Studio Solution File, Format Version 12.00
# Visual Studio 15
VisualStudioVersion = 15.0.26228.4
MinimumVisualStudioVersion = 10.0.40219.1
Project("{F184B08F-C81C-45F6-A57F-5ABD9991F28F}") = "ToolpathSimulation", "ToolpathSimulation.vbproj", "{C8A5912A-F1C1-41A7-8209-EA2236840FAA}"
EndProject
Global
	GlobalSection(SolutionConfigurationPlatforms) = preSolution
		Debug|Any CPU = Debug|Any CPU
		Debug|x64 = Debug|x64
		Release|Any CPU = Release|Any CPU
		Release|x64 = Release|x64
	EndGlobalSection
	GlobalSection(ProjectConfigurationPlatforms) = postSolution
		{C8A5912A-F1C1-41A7-8209-EA2236840FAA}.Debug|Any CPU.ActiveCfg = Debug|x64
		{C8A5912A-F1C1-41A7-8209-EA2236840FAA}.Debug|x64.ActiveCfg = Debug|x64
		{C8A5912A-F1C1-41A7-8209-EA2236840FAA}.Release|Any CPU.ActiveCfg = Release|x64
		{C8A5912A-F1C1-41A7-8209-EA2236840FAA}.Release|x64.ActiveCfg = Release|x64
		{C8A5912A-F1C1-41A7-8209-EA2236840FAA}.Release|x64.Build.0 = Release|x64
	EndGlobalSection
	GlobalSection(SolutionProperties) = preSolution
		HideSolutionNode = FALSE
	EndGlobalSection
	GlobalSection(ExtensibilityGlobals) = postSolution
		UDUSCENARIO = DEFAULT
		UDUFILESCOPE = 
		UDUCUSTOMBUILD = 
		UDUCUSTOMLIST = 
		UDUCUSTOM = False
		UDUDETACHED = False
		UDUFORCE = False
		UDUVERBOSE = False
		UDUDRY = False
	EndGlobalSection
EndGlobal
