
Microsoft Visual Studio Solution File, Format Version 11.00
# Visual Studio 2010
Project("{F184B08F-C81C-45F6-A57F-5ABD9991F28F}") = "HelloWorldYetAgain", "HelloWorldYetAgain.vbproj", "{FBDC803B-31F4-4241-BD64-166AFAF60F93}"
EndProject
Global
	GlobalSection(SolutionConfigurationPlatforms) = preSolution
		Debug|Any CPU = Debug|Any CPU
		Debug|x86 = Debug|x86
		Release|Any CPU = Release|Any CPU
		Release|x86 = Release|x86
	EndGlobalSection
	GlobalSection(ProjectConfigurationPlatforms) = postSolution
		{FBDC803B-31F4-4241-BD64-166AFAF60F93}.Debug|Any CPU.ActiveCfg = Debug|Any CPU
		{FBDC803B-31F4-4241-BD64-166AFAF60F93}.Debug|Any CPU.Build.0 = Debug|Any CPU
		{FBDC803B-31F4-4241-BD64-166AFAF60F93}.Debug|x86.ActiveCfg = Debug|x86
		{FBDC803B-31F4-4241-BD64-166AFAF60F93}.Debug|x86.Build.0 = Debug|x86
		{FBDC803B-31F4-4241-BD64-166AFAF60F93}.Release|Any CPU.ActiveCfg = Release|Any CPU
		{FBDC803B-31F4-4241-BD64-166AFAF60F93}.Release|Any CPU.Build.0 = Release|Any CPU
		{FBDC803B-31F4-4241-BD64-166AFAF60F93}.Release|x86.ActiveCfg = Release|x86
		{FBDC803B-31F4-4241-BD64-166AFAF60F93}.Release|x86.Build.0 = Release|x86
	EndGlobalSection
	GlobalSection(SolutionProperties) = preSolution
		HideSolutionNode = FALSE
	EndGlobalSection
	GlobalSection(ExtensibilityGlobals) = postSolution
		UDUSCENARIO = DEFAULT
		UDUFILESCOPE = 
		UDUCUSTOMBUILD = 
		UDUCUSTOMLIST = 
		UDUCUSTOM = False
		UDUDETACHED = False
		UDUFORCE = False
		UDUVERBOSE = False
		UDUDRY = False
	EndGlobalSection
EndGlobal
