
Microsoft Visual Studio Solution File, Format Version 11.00
# Visual Basic Express 2010
Project("{F184B08F-C81C-45F6-A57F-5ABD9991F28F}") = "HoleInfo", "HoleInfo.vbproj", "{DC1879BF-19B6-4547-A271-5AF40B5C6C88}"
EndProject
Global
	GlobalSection(SolutionConfigurationPlatforms) = preSolution
		Debug|Any CPU = Debug|Any CPU
		Release|Any CPU = Release|Any CPU
	EndGlobalSection
	GlobalSection(ProjectConfigurationPlatforms) = postSolution
		{DC1879BF-19B6-4547-A271-5AF40B5C6C88}.Debug|Any CPU.ActiveCfg = Debug|Any CPU
		{DC1879BF-19B6-4547-A271-5AF40B5C6C88}.Debug|Any CPU.Build.0 = Debug|Any CPU
		{DC1879BF-19B6-4547-A271-5AF40B5C6C88}.Release|Any CPU.ActiveCfg = Release|Any CPU
		{DC1879BF-19B6-4547-A271-5AF40B5C6C88}.Release|Any CPU.Build.0 = Release|Any CPU
	EndGlobalSection
	GlobalSection(SolutionProperties) = preSolution
		HideSolutionNode = FALSE
	EndGlobalSection
EndGlobal
